[[package]]
name = "anyio"
version = "3.7.0"
description = "High level compatibility layer for multiple asynchronous event loop implementations"
category = "main"
optional = false
python-versions = ">=3.7"

[package.dependencies]
exceptiongroup = {version = "*", markers = "python_version < \"3.11\""}
idna = ">=2.8"
sniffio = ">=1.1"

[package.extras]
doc = ["packaging", "Sphinx (>=6.1.0)", "sphinx-rtd-theme", "sphinxcontrib-jquery", "sphinx-autodoc-typehints (>=1.2.0)"]
test = ["anyio", "coverage[toml] (>=4.5)", "hypothesis (>=4.0)", "psutil (>=5.9)", "pytest (>=7.0)", "pytest-mock (>=3.6.1)", "trustme", "uvloop (>=0.17)", "mock (>=4)"]
trio = ["trio (<0.22)"]

[[package]]
name = "asgiref"
version = "3.7.0"
description = "ASGI specs, helper code, and adapters"
category = "main"
optional = false
python-versions = ">=3.7"

[package.dependencies]
typing-extensions = {version = "*", markers = "python_version < \"3.11\""}

[package.extras]
tests = ["pytest", "pytest-asyncio", "mypy (>=0.800)"]

[[package]]
name = "certifi"
version = "2022.12.7"
description = "Python package for providing Mozilla's CA Bundle."
category = "main"
optional = false
python-versions = ">=3.6"

[[package]]
name = "charset-normalizer"
version = "2.1.1"
description = "The Real First Universal Charset Detector. Open, modern and actively maintained alternative to Chardet."
category = "main"
optional = false
python-versions = ">=3.6.0"

[package.extras]
unicode_backport = ["unicodedata2"]

[[package]]
name = "click"
version = "8.1.3"
description = "Composable command line interface toolkit"
category = "main"
optional = false
python-versions = ">=3.7"

[package.dependencies]
colorama = {version = "*", markers = "platform_system == \"Windows\""}

[[package]]
name = "colorama"
version = "0.4.6"
description = "Cross-platform colored terminal text."
category = "main"
optional = false
python-versions = "!=3.0.*,!=3.1.*,!=3.2.*,!=3.3.*,!=3.4.*,!=3.5.*,!=3.6.*,>=2.7"

[[package]]
name = "colorlog"
version = "6.7.0"
description = "Add colours to the output of Python's logging module."
category = "main"
optional = false
python-versions = ">=3.6"

[package.dependencies]
colorama = {version = "*", markers = "sys_platform == \"win32\""}

[package.extras]
development = ["black", "flake8", "mypy", "pytest", "types-colorama"]

[[package]]
name = "debugpy"
version = "1.6.5"
description = "An implementation of the Debug Adapter Protocol for Python"
category = "dev"
optional = false
python-versions = ">=3.7"

[[package]]
name = "exceptiongroup"
version = "1.1.1"
description = "Backport of PEP 654 (exception groups)"
category = "main"
optional = false
python-versions = ">=3.7"

[package.extras]
test = ["pytest (>=6)"]

[[package]]
name = "fastjsonschema"
version = "2.17.1"
description = "Fastest Python implementation of JSON schema"
category = "main"
optional = false
python-versions = "*"

[package.extras]
devel = ["colorama", "jsonschema", "json-spec", "pylint", "pytest", "pytest-benchmark", "pytest-cache", "validictory"]

[[package]]
name = "flask"
version = "2.1.3"
description = "A simple framework for building complex web applications."
category = "main"
optional = false
python-versions = ">=3.7"

[package.dependencies]
click = ">=8.0"
itsdangerous = ">=2.0"
Jinja2 = ">=3.0"
Werkzeug = ">=2.0"

[package.extras]
async = ["asgiref (>=3.2)"]
dotenv = ["python-dotenv"]

[[package]]
name = "flask-cors"
version = "3.0.10"
description = "A Flask extension adding a decorator for CORS support"
category = "main"
optional = false
python-versions = "*"

[package.dependencies]
Flask = ">=0.9"
Six = "*"

[[package]]
name = "flask-sock"
version = "0.6.0"
description = "WebSocket support for Flask"
category = "main"
optional = false
python-versions = ">=3.6"

[package.dependencies]
flask = ">=2"
simple-websocket = ">=0.5.1"

[[package]]
name = "gunicorn"
version = "20.1.0"
description = "WSGI HTTP Server for UNIX"
category = "main"
optional = false
python-versions = ">=3.5"

[package.extras]
eventlet = ["eventlet (>=0.24.1)"]
gevent = ["gevent (>=1.4.0)"]
setproctitle = ["setproctitle"]
tornado = ["tornado (>=0.2)"]

[[package]]
name = "h11"
version = "0.14.0"
description = "A pure-Python, bring-your-own-I/O implementation of HTTP/1.1"
category = "main"
optional = false
python-versions = ">=3.7"

[[package]]
name = "idna"
version = "3.4"
description = "Internationalized Domain Names in Applications (IDNA)"
category = "main"
optional = false
python-versions = ">=3.5"

[[package]]
name = "itsdangerous"
version = "2.1.2"
description = "Safely pass data to untrusted environments and back."
category = "main"
optional = false
python-versions = ">=3.7"

[[package]]
name = "jedi"
version = "0.18.2"
description = "An autocompletion tool for Python that can be used for text editors."
category = "dev"
optional = false
python-versions = ">=3.6"

[package.dependencies]
parso = ">=0.8.0,<0.9.0"

[package.extras]
docs = ["Jinja2 (==2.11.3)", "MarkupSafe (==1.1.1)", "Pygments (==2.8.1)", "alabaster (==0.7.12)", "babel (==2.9.1)", "chardet (==4.0.0)", "commonmark (==0.8.1)", "docutils (==0.17.1)", "future (==0.18.2)", "idna (==2.10)", "imagesize (==1.2.0)", "mock (==1.0.1)", "packaging (==20.9)", "pyparsing (==2.4.7)", "pytz (==2021.1)", "readthedocs-sphinx-ext (==2.1.4)", "recommonmark (==0.5.0)", "requests (==2.25.1)", "six (==1.15.0)", "snowballstemmer (==2.1.0)", "sphinx-rtd-theme (==0.4.3)", "sphinx (==1.8.5)", "sphinxcontrib-serializinghtml (==1.1.4)", "sphinxcontrib-websupport (==1.2.4)", "urllib3 (==1.26.4)"]
qa = ["flake8 (==3.8.3)", "mypy (==0.782)"]
testing = ["Django (<3.1)", "attrs", "colorama", "docopt", "pytest (<7.0.0)"]

[[package]]
name = "jinja2"
version = "3.1.2"
description = "A very fast and expressive template engine."
category = "main"
optional = false
python-versions = ">=3.7"

[package.dependencies]
MarkupSafe = ">=2.0"

[package.extras]
i18n = ["Babel (>=2.7)"]

[[package]]
name = "jsonpatch"
version = "1.32"
description = "Apply JSON-Patches (RFC 6902)"
category = "main"
optional = false
python-versions = ">=2.7, !=3.0.*, !=3.1.*, !=3.2.*, !=3.3.*, !=3.4.*"

[package.dependencies]
jsonpointer = ">=1.9"

[[package]]
name = "jsonpointer"
version = "2.3"
description = "Identify specific nodes in a JSON document (RFC 6901)"
category = "main"
optional = false
python-versions = ">=2.7, !=3.0.*, !=3.1.*, !=3.2.*, !=3.3.*"

[[package]]
name = "lxml"
version = "4.9.2"
description = "Powerful and Pythonic XML processing library combining libxml2/libxslt with the ElementTree API."
category = "main"
optional = false
python-versions = ">=2.7, !=3.0.*, !=3.1.*, !=3.2.*, !=3.3.*, != 3.4.*"

[package.extras]
cssselect = ["cssselect (>=0.7)"]
html5 = ["html5lib"]
htmlsoup = ["beautifulsoup4"]
source = ["Cython (>=0.29.7)"]

[[package]]
name = "markupsafe"
version = "2.0.1"
description = "Safely add untrusted strings to HTML/XML markup."
category = "main"
optional = false
python-versions = ">=3.6"

[[package]]
name = "mypy-extensions"
version = "1.0.0"
description = "Type system extensions for programs checked with the mypy type checker."
category = "main"
optional = false
python-versions = ">=3.5"

[[package]]
name = "numpy"
version = "1.24.1"
description = "Fundamental package for array computing in Python"
category = "main"
optional = false
python-versions = ">=3.8"

[[package]]
name = "packaging"
version = "23.0"
description = "Core utilities for Python packages"
category = "dev"
optional = false
python-versions = ">=3.7"

[[package]]
name = "parso"
version = "0.8.3"
description = "A Python Parser"
category = "dev"
optional = false
python-versions = ">=3.6"

[package.extras]
qa = ["flake8 (==3.8.3)", "mypy (==0.782)"]
testing = ["docopt", "pytest (<6.0.0)"]

[[package]]
name = "platformdirs"
version = "2.6.2"
description = "A small Python package for determining appropriate platform-specific dirs, e.g. a \"user data dir\"."
category = "dev"
optional = false
python-versions = ">=3.7"

[package.extras]
docs = ["furo (>=2022.12.7)", "proselint (>=0.13)", "sphinx-autodoc-typehints (>=1.19.5)", "sphinx (>=5.3)"]
test = ["appdirs (==1.4.4)", "covdefaults (>=2.2.2)", "pytest-cov (>=4)", "pytest-mock (>=3.10)", "pytest (>=7.2)"]

[[package]]
name = "pluggy"
version = "1.0.0"
description = "plugin and hook calling mechanisms for python"
category = "dev"
optional = false
python-versions = ">=3.6"

[package.extras]
testing = ["pytest-benchmark", "pytest"]
dev = ["tox", "pre-commit"]

[[package]]
name = "pyflakes"
version = "2.5.0"
description = "passive checker of Python programs"
category = "dev"
optional = false
python-versions = ">=3.6"

[[package]]
name = "python-lsp-jsonrpc"
version = "1.0.0"
description = "JSON RPC 2.0 server library"
category = "dev"
optional = false
python-versions = "*"

[package.dependencies]
ujson = ">=3.0.0"

[package.extras]
test = ["coverage", "pytest-cov", "pytest", "pyflakes", "pycodestyle", "pylint"]

[[package]]
name = "pytoolconfig"
version = "1.2.5"
description = "Python tool configuration"
category = "dev"
optional = false
python-versions = ">=3.7"

[package.dependencies]
packaging = ">=22.0"
platformdirs = {version = ">=1.4.4", optional = true, markers = "extra == \"global\""}
tomli = {version = ">=2.0.1", markers = "python_version < \"3.11\""}

[package.extras]
doc = ["tabulate (>=0.8.9)", "sphinx (>=4.5.0)"]
gendocs = ["sphinx (>=4.5.0)", "sphinx-autodoc-typehints (>=1.18.1)", "sphinx-rtd-theme (>=1.0.0)", "pytoolconfig"]
global = ["platformdirs (>=1.4.4)"]
validation = ["pydantic (>=1.7.4)"]

[[package]]
name = "reactpy"
version = "1.0.0"
description = "It's React, but in Python"
category = "main"
optional = false
python-versions = ">=3.7"

[package.dependencies]
anyio = ">=3"
asgiref = ">=3"
colorlog = ">=6"
fastjsonschema = ">=2.14.5"
flask = {version = "*", optional = true, markers = "extra == \"flask\""}
flask-cors = {version = "*", optional = true, markers = "extra == \"flask\""}
flask-sock = {version = "*", optional = true, markers = "extra == \"flask\""}
jsonpatch = ">=1.32"
lxml = ">=4"
markupsafe = {version = ">=1.1.1,<2.1", optional = true, markers = "extra == \"flask\""}
mypy-extensions = ">=0.4.3"
requests = ">=2"
typing-extensions = ">=3.10"

[package.extras]
all = ["starlette (>=0.13.6)", "uvicorn[standard] (>=0.19.0)", "sanic (>=21)", "sanic-cors", "fastapi (>=0.63.0)", "flask", "markupsafe (>=1.1.1,<2.1)", "flask-cors", "flask-sock", "tornado", "playwright"]
fastapi = ["fastapi (>=0.63.0)", "uvicorn[standard] (>=0.19.0)"]
flask = ["flask", "markupsafe (>=1.1.1,<2.1)", "flask-cors", "flask-sock"]
sanic = ["sanic (>=21)", "sanic-cors", "uvicorn[standard] (>=0.19.0)"]
starlette = ["starlette (>=0.13.6)", "uvicorn[standard] (>=0.19.0)"]
testing = ["playwright"]
tornado = ["tornado"]

[[package]]
name = "replit-python-lsp-server"
version = "1.15.9"
description = "Python Language Server for the Language Server Protocol"
category = "dev"
optional = false
python-versions = ">=3.7"

[package.dependencies]
jedi = ">=0.17.2,<0.19.0"
pluggy = ">=1.0.0"
pyflakes = {version = ">=2.5.0,<2.6.0", optional = true, markers = "extra == \"pyflakes\""}
python-lsp-jsonrpc = ">=1.0.0"
rope = {version = ">0.10.5", optional = true, markers = "extra == \"rope\""}
toml = ">=0.10.2"
ujson = ">=3.0.0"
whatthepatch = {version = ">=1.0.2,<2.0.0", optional = true, markers = "extra == \"yapf\""}
yapf = {version = "*", optional = true, markers = "extra == \"yapf\""}

[package.extras]
all = ["autopep8 (>=1.6.0,<1.7.0)", "flake8 (>=5.0.0,<5.1.0)", "mccabe (>=0.7.0,<0.8.0)", "pycodestyle (>=2.9.0,<2.10.0)", "pydocstyle (>=2.0.0)", "pyflakes (>=2.5.0,<2.6.0)", "pylint (>=2.5.0)", "rope (>=0.10.5)", "yapf", "whatthepatch"]
autopep8 = ["autopep8 (>=1.6.0,<1.7.0)"]
flake8 = ["flake8 (>=5.0.0,<5.1.0)"]
mccabe = ["mccabe (>=0.7.0,<0.8.0)"]
pycodestyle = ["pycodestyle (>=2.9.0,<2.10.0)"]
pydocstyle = ["pydocstyle (>=2.0.0)"]
pyflakes = ["pyflakes (>=2.5.0,<2.6.0)"]
pylint = ["pylint (>=2.5.0)"]
rope = ["rope (>0.10.5)"]
test = ["pylint (>=2.5.0)", "pytest", "pytest-cov", "coverage", "numpy (<1.23)", "pandas", "matplotlib", "pyqt5", "flaky"]
websockets = ["websockets (>=10.3)"]
yapf = ["yapf", "whatthepatch (>=1.0.2,<2.0.0)"]

[[package]]
name = "requests"
version = "2.28.2"
description = "Python HTTP for Humans."
category = "main"
optional = false
python-versions = ">=3.7, <4"

[package.dependencies]
certifi = ">=2017.4.17"
charset-normalizer = ">=2,<4"
idna = ">=2.5,<4"
urllib3 = ">=1.21.1,<1.27"

[package.extras]
socks = ["PySocks (>=1.5.6,!=1.5.7)"]
use_chardet_on_py3 = ["chardet (>=3.0.2,<6)"]

[[package]]
name = "rope"
version = "1.7.0"
description = "a python refactoring library..."
category = "dev"
optional = false
python-versions = ">=3.7"

[package.dependencies]
pytoolconfig = {version = ">=1.2.2", extras = ["global"]}

[package.extras]
dev = ["pytest (>=7.0.1)", "pytest-timeout (>=2.1.0)", "build (>=0.7.0)", "pre-commit (>=2.20.0)"]
doc = ["pytoolconfig", "sphinx (>=4.5.0)", "sphinx-autodoc-typehints (>=1.18.1)", "sphinx-rtd-theme (>=1.0.0)"]

[[package]]
name = "simple-websocket"
version = "0.10.1"
description = "Simple WebSocket server and client for Python"
category = "main"
optional = false
python-versions = ">=3.6"

[package.dependencies]
wsproto = "*"

[[package]]
name = "six"
version = "1.16.0"
description = "Python 2 and 3 compatibility utilities"
category = "main"
optional = false
python-versions = ">=2.7, !=3.0.*, !=3.1.*, !=3.2.*"

[[package]]
name = "sniffio"
version = "1.3.0"
description = "Sniff out which async library your code is running under"
category = "main"
optional = false
python-versions = ">=3.7"

[[package]]
name = "toml"
version = "0.10.2"
description = "Python Library for Tom's Obvious, Minimal Language"
category = "dev"
optional = false
python-versions = ">=2.6, !=3.0.*, !=3.1.*, !=3.2.*"

[[package]]
name = "tomli"
version = "2.0.1"
description = "A lil' TOML parser"
category = "dev"
optional = false
python-versions = ">=3.7"

[[package]]
name = "typing-extensions"
version = "4.6.3"
description = "Backported and Experimental Type Hints for Python 3.7+"
category = "main"
optional = false
python-versions = ">=3.7"

[[package]]
name = "ujson"
version = "5.7.0"
description = "Ultra fast JSON encoder and decoder for Python"
category = "dev"
optional = false
python-versions = ">=3.7"

[[package]]
name = "urllib3"
version = "1.26.14"
description = "HTTP library with thread-safe connection pooling, file post, and more."
category = "main"
optional = false
python-versions = ">=2.7, !=3.0.*, !=3.1.*, !=3.2.*, !=3.3.*, !=3.4.*, !=3.5.*"

[package.extras]
brotli = ["brotlicffi (>=0.8.0)", "brotli (>=1.0.9)", "brotlipy (>=0.6.0)"]
secure = ["pyOpenSSL (>=0.14)", "cryptography (>=1.3.4)", "idna (>=2.0.0)", "certifi", "urllib3-secure-extra", "ipaddress"]
socks = ["PySocks (>=1.5.6,!=1.5.7,<2.0)"]

[[package]]
name = "uvicorn"
version = "0.22.0"
description = "The lightning-fast ASGI server."
category = "main"
optional = false
python-versions = ">=3.7"

[package.dependencies]
click = ">=7.0"
h11 = ">=0.8"

[package.extras]
standard = ["colorama (>=0.4)", "httptools (>=0.5.0)", "python-dotenv (>=0.13)", "pyyaml (>=5.1)", "uvloop (>=0.14.0,!=0.15.0,!=0.15.1)", "watchfiles (>=0.13)", "websockets (>=10.4)"]

[[package]]
name = "werkzeug"
version = "2.1.2"
description = "The comprehensive WSGI web application library."
category = "main"
optional = false
python-versions = ">=3.7"

[package.extras]
watchdog = ["watchdog"]

[[package]]
name = "whatthepatch"
version = "1.0.3"
description = "A patch parsing and application library."
category = "dev"
optional = false
python-versions = ">=3.7"

[[package]]
name = "wsproto"
version = "1.2.0"
description = "WebSockets state-machine based protocol implementation"
category = "main"
optional = false
python-versions = ">=3.7.0"

[package.dependencies]
h11 = ">=0.9.0,<1"

[[package]]
name = "yapf"
version = "0.32.0"
description = "A formatter for Python code."
category = "dev"
optional = false
python-versions = "*"

[metadata]
lock-version = "1.1"
python-versions = ">=3.10.0,<3.11"
content-hash = "d793d4f1e6f5f8e8710698c0ed0ce3db793db11a5e5f7e51b6226cbcb0eaf6dd"

[metadata.files]
anyio = []
asgiref = []
certifi = []
charset-normalizer = []
click = []
colorama = []
colorlog = []
debugpy = []
exceptiongroup = []
fastjsonschema = []
flask = []
flask-cors = []
flask-sock = []
gunicorn = []
h11 = []
idna = []
itsdangerous = []
jedi = []
jinja2 = []
jsonpatch = []
jsonpointer = []
lxml = []
markupsafe = []
mypy-extensions = []
numpy = []
packaging = []
parso = []
platformdirs = []
pluggy = []
pyflakes = []
python-lsp-jsonrpc = []
pytoolconfig = []
reactpy = []
replit-python-lsp-server = []
requests = []
rope = []
simple-websocket = []
six = []
sniffio = []
toml = []
tomli = []
typing-extensions = []
ujson = []
urllib3 = []
uvicorn = []
werkzeug = []
whatthepatch = []
wsproto = []
yapf = []
